
Microsoft Visual Studio Solution File, Format Version 12.00
# Visual Studio 15
VisualStudioVersion = 15.0.28307.106
MinimumVisualStudioVersion = 10.0.40219.1
Project("{FAE04EC0-301F-11D3-BF4B-00C04F79EFBC}") = "restful_api_service", "restful_api\restful_api_service.csproj", "{2C1E9BED-F2A9-4F70-833F-1402E3A4E261}"
EndProject
Project("{FAE04EC0-301F-11D3-BF4B-00C04F79EFBC}") = "restful_client", "restful_client\restful_client.csproj", "{C9B8B0CB-9EDA-4122-9B26-090998016FBC}"
EndProject
Global
	GlobalSection(SolutionConfigurationPlatforms) = preSolution
		Debug|Any CPU = Debug|Any CPU
		Release|Any CPU = Release|Any CPU
	EndGlobalSection
	GlobalSection(ProjectConfigurationPlatforms) = postSolution
		{2C1E9BED-F2A9-4F70-833F-1402E3A4E261}.Debug|Any CPU.ActiveCfg = Debug|Any CPU
		{2C1E9BED-F2A9-4F70-833F-1402E3A4E261}.Debug|Any CPU.Build.0 = Debug|Any CPU
		{2C1E9BED-F2A9-4F70-833F-1402E3A4E261}.Release|Any CPU.ActiveCfg = Release|Any CPU
		{2C1E9BED-F2A9-4F70-833F-1402E3A4E261}.Release|Any CPU.Build.0 = Release|Any CPU
		{C9B8B0CB-9EDA-4122-9B26-090998016FBC}.Debug|Any CPU.ActiveCfg = Debug|Any CPU
		{C9B8B0CB-9EDA-4122-9B26-090998016FBC}.Debug|Any CPU.Build.0 = Debug|Any CPU
		{C9B8B0CB-9EDA-4122-9B26-090998016FBC}.Release|Any CPU.ActiveCfg = Release|Any CPU
		{C9B8B0CB-9EDA-4122-9B26-090998016FBC}.Release|Any CPU.Build.0 = Release|Any CPU
	EndGlobalSection
	GlobalSection(SolutionProperties) = preSolution
		HideSolutionNode = FALSE
	EndGlobalSection
	GlobalSection(ExtensibilityGlobals) = postSolution
		SolutionGuid = {D6656803-E25A-4C26-8CA8-B21006662BF0}
	EndGlobalSection
EndGlobal
