
Microsoft Visual Studio Solution File, Format Version 12.00
# Visual Studio 15
VisualStudioVersion = 15.0.28307.106
MinimumVisualStudioVersion = 10.0.40219.1
Project("{FAE04EC0-301F-11D3-BF4B-00C04F79EFBC}") = "restful_api", "restful_api\restful_api.csproj", "{2C1E9BED-F2A9-4F70-833F-1402E3A4E261}"
EndProject
Project("{FAE04EC0-301F-11D3-BF4B-00C04F79EFBC}") = "restful_client", "restful_client\restful_client.csproj", "{C9B8B0CB-9EDA-4122-9B26-090998016FBC}"
EndProject
Project("{FAE04EC0-301F-11D3-BF4B-00C04F79EFBC}") = "web_api", "web_api\web_api.csproj", "{366EE32D-798B-42AA-8A28-5501D220F857}"
EndProject
Project("{E53339B2-1760-4266-BCC7-CA923CBCF16C}") = "docker-compose", "docker-compose.dcproj", "{203797A8-5331-485D-A99A-7E6805D41047}"
EndProject
Global
	GlobalSection(SolutionConfigurationPlatforms) = preSolution
		Debug|Any CPU = Debug|Any CPU
		Release|Any CPU = Release|Any CPU
	EndGlobalSection
	GlobalSection(ProjectConfigurationPlatforms) = postSolution
		{2C1E9BED-F2A9-4F70-833F-1402E3A4E261}.Debug|Any CPU.ActiveCfg = Debug|Any CPU
		{2C1E9BED-F2A9-4F70-833F-1402E3A4E261}.Debug|Any CPU.Build.0 = Debug|Any CPU
		{2C1E9BED-F2A9-4F70-833F-1402E3A4E261}.Release|Any CPU.ActiveCfg = Release|Any CPU
		{2C1E9BED-F2A9-4F70-833F-1402E3A4E261}.Release|Any CPU.Build.0 = Release|Any CPU
		{C9B8B0CB-9EDA-4122-9B26-090998016FBC}.Debug|Any CPU.ActiveCfg = Debug|Any CPU
		{C9B8B0CB-9EDA-4122-9B26-090998016FBC}.Debug|Any CPU.Build.0 = Debug|Any CPU
		{C9B8B0CB-9EDA-4122-9B26-090998016FBC}.Release|Any CPU.ActiveCfg = Release|Any CPU
		{C9B8B0CB-9EDA-4122-9B26-090998016FBC}.Release|Any CPU.Build.0 = Release|Any CPU
		{366EE32D-798B-42AA-8A28-5501D220F857}.Debug|Any CPU.ActiveCfg = Debug|Any CPU
		{366EE32D-798B-42AA-8A28-5501D220F857}.Debug|Any CPU.Build.0 = Debug|Any CPU
		{366EE32D-798B-42AA-8A28-5501D220F857}.Release|Any CPU.ActiveCfg = Release|Any CPU
		{366EE32D-798B-42AA-8A28-5501D220F857}.Release|Any CPU.Build.0 = Release|Any CPU
		{203797A8-5331-485D-A99A-7E6805D41047}.Debug|Any CPU.ActiveCfg = Debug|Any CPU
		{203797A8-5331-485D-A99A-7E6805D41047}.Debug|Any CPU.Build.0 = Debug|Any CPU
		{203797A8-5331-485D-A99A-7E6805D41047}.Release|Any CPU.ActiveCfg = Release|Any CPU
		{203797A8-5331-485D-A99A-7E6805D41047}.Release|Any CPU.Build.0 = Release|Any CPU
	EndGlobalSection
	GlobalSection(SolutionProperties) = preSolution
		HideSolutionNode = FALSE
	EndGlobalSection
	GlobalSection(ExtensibilityGlobals) = postSolution
		SolutionGuid = {D6656803-E25A-4C26-8CA8-B21006662BF0}
	EndGlobalSection
EndGlobal
